
Microsoft Visual Studio Solution File, Format Version 12.00
# Visual Studio Version 17
VisualStudioVersion = 17.1.32407.343
MinimumVisualStudioVersion = 10.0.40219.1
Project("{2150E333-8FDC-42A3-9474-1A3956D46DE8}") = "Core", "Core", "{8D248FA9-E660-46ED-89DF-C458300F0A29}"
EndProject
Project("{2150E333-8FDC-42A3-9474-1A3956D46DE8}") = "ClienteService", "ClienteService", "{732A8F41-21D4-4ED0-B788-97C47DCE6E2A}"
EndProject
Project("{2150E333-8FDC-42A3-9474-1A3956D46DE8}") = "AnaliseDeCreditoService", "AnaliseDeCreditoService", "{CA665798-729B-4628-A54A-C2A05B018808}"
EndProject
Project("{2150E333-8FDC-42A3-9474-1A3956D46DE8}") = "Application", "Application", "{91084EC7-7C36-4E84-B96B-D844C74B88BA}"
EndProject
Project("{2150E333-8FDC-42A3-9474-1A3956D46DE8}") = "Domain", "Domain", "{D8CA77CE-CB33-4A1F-A02F-CF8296E3AFC7}"
EndProject
Project("{2150E333-8FDC-42A3-9474-1A3956D46DE8}") = "Adapters", "Adapters", "{D97A103F-A350-4540-ABB9-53DC920564A7}"
EndProject
Project("{2150E333-8FDC-42A3-9474-1A3956D46DE8}") = "Consumers", "Consumers", "{342BBAFF-E1A1-4F65-A572-C5FD7CE38B16}"
EndProject
Project("{2150E333-8FDC-42A3-9474-1A3956D46DE8}") = "Tests", "Tests", "{EFB3CA60-FCD7-4E64-8571-5A85A564895F}"
EndProject
Project("{2150E333-8FDC-42A3-9474-1A3956D46DE8}") = "Domain", "Domain", "{32406F57-7646-4F52-BC1F-5EB047734C5A}"
EndProject
Project("{2150E333-8FDC-42A3-9474-1A3956D46DE8}") = "Application", "Application", "{CE464444-914B-4699-A5F7-2DF16C419B75}"
EndProject
Project("{2150E333-8FDC-42A3-9474-1A3956D46DE8}") = "Adapters", "Adapters", "{675BBDE4-26FA-4A91-8124-0AD92B59BF06}"
EndProject
Project("{9A19103F-16F7-4668-BE54-9A1E7A4F7556}") = "Data", "ClienteService\Adapters\Data\Data.csproj", "{9B1A91D8-427E-4F29-A04A-87180B026597}"
EndProject
Project("{9A19103F-16F7-4668-BE54-9A1E7A4F7556}") = "API", "ClienteService\Consumers\API\API.csproj", "{5880FC9A-50C1-4BF4-B73D-3F4EBA3C3927}"
EndProject
Project("{9A19103F-16F7-4668-BE54-9A1E7A4F7556}") = "AdaptersTests", "ClienteService\Tests\Adapters\AdaptersTests\AdaptersTests.csproj", "{0D49931C-6676-4A47-8D36-27B7E32DAD12}"
EndProject
Project("{9A19103F-16F7-4668-BE54-9A1E7A4F7556}") = "ApplicationTests", "ClienteService\Tests\Application\ApplicationTests\ApplicationTests.csproj", "{823D0DA5-E37A-43B7-BABD-D5613F99A0AD}"
EndProject
Project("{9A19103F-16F7-4668-BE54-9A1E7A4F7556}") = "DomainTests", "ClienteService\Tests\Domain\DomainTests\DomainTests.csproj", "{390A320E-EAD2-4E89-B842-FD48EC37B9E0}"
EndProject
Project("{9A19103F-16F7-4668-BE54-9A1E7A4F7556}") = "Application", "ClienteService\Core\Application\Application.csproj", "{AEDDA123-ABF2-4E19-92E1-EE5BC9AAD1D9}"
EndProject
Project("{9A19103F-16F7-4668-BE54-9A1E7A4F7556}") = "Domain", "ClienteService\Core\Domain\Domain.csproj", "{6D1C9545-16E6-4EDE-9ABF-C0E47B884C99}"
EndProject
Global
	GlobalSection(SolutionConfigurationPlatforms) = preSolution
		Debug|Any CPU = Debug|Any CPU
		Release|Any CPU = Release|Any CPU
	EndGlobalSection
	GlobalSection(ProjectConfigurationPlatforms) = postSolution
		{9B1A91D8-427E-4F29-A04A-87180B026597}.Debug|Any CPU.ActiveCfg = Debug|Any CPU
		{9B1A91D8-427E-4F29-A04A-87180B026597}.Debug|Any CPU.Build.0 = Debug|Any CPU
		{9B1A91D8-427E-4F29-A04A-87180B026597}.Release|Any CPU.ActiveCfg = Release|Any CPU
		{9B1A91D8-427E-4F29-A04A-87180B026597}.Release|Any CPU.Build.0 = Release|Any CPU
		{5880FC9A-50C1-4BF4-B73D-3F4EBA3C3927}.Debug|Any CPU.ActiveCfg = Debug|Any CPU
		{5880FC9A-50C1-4BF4-B73D-3F4EBA3C3927}.Debug|Any CPU.Build.0 = Debug|Any CPU
		{5880FC9A-50C1-4BF4-B73D-3F4EBA3C3927}.Release|Any CPU.ActiveCfg = Release|Any CPU
		{5880FC9A-50C1-4BF4-B73D-3F4EBA3C3927}.Release|Any CPU.Build.0 = Release|Any CPU
		{0D49931C-6676-4A47-8D36-27B7E32DAD12}.Debug|Any CPU.ActiveCfg = Debug|Any CPU
		{0D49931C-6676-4A47-8D36-27B7E32DAD12}.Debug|Any CPU.Build.0 = Debug|Any CPU
		{0D49931C-6676-4A47-8D36-27B7E32DAD12}.Release|Any CPU.ActiveCfg = Release|Any CPU
		{0D49931C-6676-4A47-8D36-27B7E32DAD12}.Release|Any CPU.Build.0 = Release|Any CPU
		{823D0DA5-E37A-43B7-BABD-D5613F99A0AD}.Debug|Any CPU.ActiveCfg = Debug|Any CPU
		{823D0DA5-E37A-43B7-BABD-D5613F99A0AD}.Debug|Any CPU.Build.0 = Debug|Any CPU
		{823D0DA5-E37A-43B7-BABD-D5613F99A0AD}.Release|Any CPU.ActiveCfg = Release|Any CPU
		{823D0DA5-E37A-43B7-BABD-D5613F99A0AD}.Release|Any CPU.Build.0 = Release|Any CPU
		{390A320E-EAD2-4E89-B842-FD48EC37B9E0}.Debug|Any CPU.ActiveCfg = Debug|Any CPU
		{390A320E-EAD2-4E89-B842-FD48EC37B9E0}.Debug|Any CPU.Build.0 = Debug|Any CPU
		{390A320E-EAD2-4E89-B842-FD48EC37B9E0}.Release|Any CPU.ActiveCfg = Release|Any CPU
		{390A320E-EAD2-4E89-B842-FD48EC37B9E0}.Release|Any CPU.Build.0 = Release|Any CPU
		{AEDDA123-ABF2-4E19-92E1-EE5BC9AAD1D9}.Debug|Any CPU.ActiveCfg = Debug|Any CPU
		{AEDDA123-ABF2-4E19-92E1-EE5BC9AAD1D9}.Debug|Any CPU.Build.0 = Debug|Any CPU
		{AEDDA123-ABF2-4E19-92E1-EE5BC9AAD1D9}.Release|Any CPU.ActiveCfg = Release|Any CPU
		{AEDDA123-ABF2-4E19-92E1-EE5BC9AAD1D9}.Release|Any CPU.Build.0 = Release|Any CPU
		{6D1C9545-16E6-4EDE-9ABF-C0E47B884C99}.Debug|Any CPU.ActiveCfg = Debug|Any CPU
		{6D1C9545-16E6-4EDE-9ABF-C0E47B884C99}.Debug|Any CPU.Build.0 = Debug|Any CPU
		{6D1C9545-16E6-4EDE-9ABF-C0E47B884C99}.Release|Any CPU.ActiveCfg = Release|Any CPU
		{6D1C9545-16E6-4EDE-9ABF-C0E47B884C99}.Release|Any CPU.Build.0 = Release|Any CPU
	EndGlobalSection
	GlobalSection(SolutionProperties) = preSolution
		HideSolutionNode = FALSE
	EndGlobalSection
	GlobalSection(NestedProjects) = preSolution
		{8D248FA9-E660-46ED-89DF-C458300F0A29} = {732A8F41-21D4-4ED0-B788-97C47DCE6E2A}
		{91084EC7-7C36-4E84-B96B-D844C74B88BA} = {8D248FA9-E660-46ED-89DF-C458300F0A29}
		{D8CA77CE-CB33-4A1F-A02F-CF8296E3AFC7} = {8D248FA9-E660-46ED-89DF-C458300F0A29}
		{D97A103F-A350-4540-ABB9-53DC920564A7} = {732A8F41-21D4-4ED0-B788-97C47DCE6E2A}
		{342BBAFF-E1A1-4F65-A572-C5FD7CE38B16} = {732A8F41-21D4-4ED0-B788-97C47DCE6E2A}
		{EFB3CA60-FCD7-4E64-8571-5A85A564895F} = {732A8F41-21D4-4ED0-B788-97C47DCE6E2A}
		{32406F57-7646-4F52-BC1F-5EB047734C5A} = {EFB3CA60-FCD7-4E64-8571-5A85A564895F}
		{CE464444-914B-4699-A5F7-2DF16C419B75} = {EFB3CA60-FCD7-4E64-8571-5A85A564895F}
		{675BBDE4-26FA-4A91-8124-0AD92B59BF06} = {EFB3CA60-FCD7-4E64-8571-5A85A564895F}
		{9B1A91D8-427E-4F29-A04A-87180B026597} = {D97A103F-A350-4540-ABB9-53DC920564A7}
		{5880FC9A-50C1-4BF4-B73D-3F4EBA3C3927} = {342BBAFF-E1A1-4F65-A572-C5FD7CE38B16}
		{0D49931C-6676-4A47-8D36-27B7E32DAD12} = {675BBDE4-26FA-4A91-8124-0AD92B59BF06}
		{823D0DA5-E37A-43B7-BABD-D5613F99A0AD} = {CE464444-914B-4699-A5F7-2DF16C419B75}
		{390A320E-EAD2-4E89-B842-FD48EC37B9E0} = {32406F57-7646-4F52-BC1F-5EB047734C5A}
		{AEDDA123-ABF2-4E19-92E1-EE5BC9AAD1D9} = {91084EC7-7C36-4E84-B96B-D844C74B88BA}
		{6D1C9545-16E6-4EDE-9ABF-C0E47B884C99} = {D8CA77CE-CB33-4A1F-A02F-CF8296E3AFC7}
	EndGlobalSection
	GlobalSection(ExtensibilityGlobals) = postSolution
		SolutionGuid = {77160D2C-74AE-47BB-95AD-00919CFC990C}
	EndGlobalSection
EndGlobal
